
Microsoft Visual Studio Solution File, Format Version 12.00
# Visual Studio Version 16
VisualStudioVersion = 16.0.28803.156
MinimumVisualStudioVersion = 10.0.40219.1
Project("{FAE04EC0-301F-11D3-BF4B-00C04F79EFBC}") = "FaxApp", "FaxApp.csproj", "{7687BAA8-4950-4755-96D9-649C7FF35016}"
EndProject
Global
	GlobalSection(SolutionConfigurationPlatforms) = preSolution
		Debug|Any CPU = Debug|Any CPU
		Release|Any CPU = Release|Any CPU
	EndGlobalSection
	GlobalSection(ProjectConfigurationPlatforms) = postSolution
		{7687BAA8-4950-4755-96D9-649C7FF35016}.Debug|Any CPU.ActiveCfg = Debug|Any CPU
		{7687BAA8-4950-4755-96D9-649C7FF35016}.Debug|Any CPU.Build.0 = Debug|Any CPU
		{7687BAA8-4950-4755-96D9-649C7FF35016}.Release|Any CPU.ActiveCfg = Release|Any CPU
		{7687BAA8-4950-4755-96D9-649C7FF35016}.Release|Any CPU.Build.0 = Release|Any CPU
	EndGlobalSection
	GlobalSection(SolutionProperties) = preSolution
		HideSolutionNode = FALSE
	EndGlobalSection
	GlobalSection(ExtensibilityGlobals) = postSolution
		SolutionGuid = {886A9313-CA80-4993-9F45-99562298FA4A}
	EndGlobalSection
EndGlobal
